
Microsoft Visual Studio Solution File, Format Version 12.00
# Visual Studio Version 17
VisualStudioVersion = 17.0.31903.59
MinimumVisualStudioVersion = 10.0.40219.1
Project("{FAE04EC0-301F-11D3-BF4B-00C04F79EFBC}") = "Seneschal.Api", "Seneschal.Api\Seneschal.Api.csproj", "{106BCE9B-FC32-4874-951C-D0573B04A76E}"
EndProject
Project("{FAE04EC0-301F-11D3-BF4B-00C04F79EFBC}") = "Seneschal.Cli", "Seneschal.Cli\Seneschal.Cli.csproj", "{BBC89413-11A2-4CB0-B998-FED69E1BAED3}"
EndProject
Project("{FAE04EC0-301F-11D3-BF4B-00C04F79EFBC}") = "Seneschal.Core", "Seneschal.Core\Seneschal.Core.csproj", "{EF4887B7-5835-4554-BAE1-3AF91ABB25F2}"
EndProject
Project("{FAE04EC0-301F-11D3-BF4B-00C04F79EFBC}") = "Seneschal.Core.Tests", "Seneschal.Core.Tests\Seneschal.Core.Tests.csproj", "{9E7F92DB-2E7A-4384-A80B-ED9688771465}"
EndProject
Global
	GlobalSection(SolutionConfigurationPlatforms) = preSolution
		Debug|Any CPU = Debug|Any CPU
		Debug|x64 = Debug|x64
		Debug|x86 = Debug|x86
		Release|Any CPU = Release|Any CPU
		Release|x64 = Release|x64
		Release|x86 = Release|x86
	EndGlobalSection
	GlobalSection(ProjectConfigurationPlatforms) = postSolution
		{106BCE9B-FC32-4874-951C-D0573B04A76E}.Debug|Any CPU.ActiveCfg = Debug|Any CPU
		{106BCE9B-FC32-4874-951C-D0573B04A76E}.Debug|Any CPU.Build.0 = Debug|Any CPU
		{106BCE9B-FC32-4874-951C-D0573B04A76E}.Debug|x64.ActiveCfg = Debug|Any CPU
		{106BCE9B-FC32-4874-951C-D0573B04A76E}.Debug|x64.Build.0 = Debug|Any CPU
		{106BCE9B-FC32-4874-951C-D0573B04A76E}.Debug|x86.ActiveCfg = Debug|Any CPU
		{106BCE9B-FC32-4874-951C-D0573B04A76E}.Debug|x86.Build.0 = Debug|Any CPU
		{106BCE9B-FC32-4874-951C-D0573B04A76E}.Release|Any CPU.ActiveCfg = Release|Any CPU
		{106BCE9B-FC32-4874-951C-D0573B04A76E}.Release|Any CPU.Build.0 = Release|Any CPU
		{106BCE9B-FC32-4874-951C-D0573B04A76E}.Release|x64.ActiveCfg = Release|Any CPU
		{106BCE9B-FC32-4874-951C-D0573B04A76E}.Release|x64.Build.0 = Release|Any CPU
		{106BCE9B-FC32-4874-951C-D0573B04A76E}.Release|x86.ActiveCfg = Release|Any CPU
		{106BCE9B-FC32-4874-951C-D0573B04A76E}.Release|x86.Build.0 = Release|Any CPU
		{BBC89413-11A2-4CB0-B998-FED69E1BAED3}.Debug|Any CPU.ActiveCfg = Debug|Any CPU
		{BBC89413-11A2-4CB0-B998-FED69E1BAED3}.Debug|Any CPU.Build.0 = Debug|Any CPU
		{BBC89413-11A2-4CB0-B998-FED69E1BAED3}.Debug|x64.ActiveCfg = Debug|Any CPU
		{BBC89413-11A2-4CB0-B998-FED69E1BAED3}.Debug|x64.Build.0 = Debug|Any CPU
		{BBC89413-11A2-4CB0-B998-FED69E1BAED3}.Debug|x86.ActiveCfg = Debug|Any CPU
		{BBC89413-11A2-4CB0-B998-FED69E1BAED3}.Debug|x86.Build.0 = Debug|Any CPU
		{BBC89413-11A2-4CB0-B998-FED69E1BAED3}.Release|Any CPU.ActiveCfg = Release|Any CPU
		{BBC89413-11A2-4CB0-B998-FED69E1BAED3}.Release|Any CPU.Build.0 = Release|Any CPU
		{BBC89413-11A2-4CB0-B998-FED69E1BAED3}.Release|x64.ActiveCfg = Release|Any CPU
		{BBC89413-11A2-4CB0-B998-FED69E1BAED3}.Release|x64.Build.0 = Release|Any CPU
		{BBC89413-11A2-4CB0-B998-FED69E1BAED3}.Release|x86.ActiveCfg = Release|Any CPU
		{BBC89413-11A2-4CB0-B998-FED69E1BAED3}.Release|x86.Build.0 = Release|Any CPU
		{EF4887B7-5835-4554-BAE1-3AF91ABB25F2}.Debug|Any CPU.ActiveCfg = Debug|Any CPU
		{EF4887B7-5835-4554-BAE1-3AF91ABB25F2}.Debug|Any CPU.Build.0 = Debug|Any CPU
		{EF4887B7-5835-4554-BAE1-3AF91ABB25F2}.Debug|x64.ActiveCfg = Debug|Any CPU
		{EF4887B7-5835-4554-BAE1-3AF91ABB25F2}.Debug|x64.Build.0 = Debug|Any CPU
		{EF4887B7-5835-4554-BAE1-3AF91ABB25F2}.Debug|x86.ActiveCfg = Debug|Any CPU
		{EF4887B7-5835-4554-BAE1-3AF91ABB25F2}.Debug|x86.Build.0 = Debug|Any CPU
		{EF4887B7-5835-4554-BAE1-3AF91ABB25F2}.Release|Any CPU.ActiveCfg = Release|Any CPU
		{EF4887B7-5835-4554-BAE1-3AF91ABB25F2}.Release|Any CPU.Build.0 = Release|Any CPU
		{EF4887B7-5835-4554-BAE1-3AF91ABB25F2}.Release|x64.ActiveCfg = Release|Any CPU
		{EF4887B7-5835-4554-BAE1-3AF91ABB25F2}.Release|x64.Build.0 = Release|Any CPU
		{EF4887B7-5835-4554-BAE1-3AF91ABB25F2}.Release|x86.ActiveCfg = Release|Any CPU
		{EF4887B7-5835-4554-BAE1-3AF91ABB25F2}.Release|x86.Build.0 = Release|Any CPU
		{9E7F92DB-2E7A-4384-A80B-ED9688771465}.Debug|Any CPU.ActiveCfg = Debug|Any CPU
		{9E7F92DB-2E7A-4384-A80B-ED9688771465}.Debug|Any CPU.Build.0 = Debug|Any CPU
		{9E7F92DB-2E7A-4384-A80B-ED9688771465}.Debug|x64.ActiveCfg = Debug|Any CPU
		{9E7F92DB-2E7A-4384-A80B-ED9688771465}.Debug|x64.Build.0 = Debug|Any CPU
		{9E7F92DB-2E7A-4384-A80B-ED9688771465}.Debug|x86.ActiveCfg = Debug|Any CPU
		{9E7F92DB-2E7A-4384-A80B-ED9688771465}.Debug|x86.Build.0 = Debug|Any CPU
		{9E7F92DB-2E7A-4384-A80B-ED9688771465}.Release|Any CPU.ActiveCfg = Release|Any CPU
		{9E7F92DB-2E7A-4384-A80B-ED9688771465}.Release|Any CPU.Build.0 = Release|Any CPU
		{9E7F92DB-2E7A-4384-A80B-ED9688771465}.Release|x64.ActiveCfg = Release|Any CPU
		{9E7F92DB-2E7A-4384-A80B-ED9688771465}.Release|x64.Build.0 = Release|Any CPU
		{9E7F92DB-2E7A-4384-A80B-ED9688771465}.Release|x86.ActiveCfg = Release|Any CPU
		{9E7F92DB-2E7A-4384-A80B-ED9688771465}.Release|x86.Build.0 = Release|Any CPU
	EndGlobalSection
	GlobalSection(SolutionProperties) = preSolution
		HideSolutionNode = FALSE
	EndGlobalSection
EndGlobal
